
Microsoft Visual Studio Solution File, Format Version 12.00
# Visual Studio 15
VisualStudioVersion = 15.0.28307.1022
MinimumVisualStudioVersion = 10.0.40219.1
Project("{FAE04EC0-301F-11D3-BF4B-00C04F79EFBC}") = "Whiteboarding 1 04MAR20", "Whiteboarding 1 04MAR20\Whiteboarding 1 04MAR20.csproj", "{4178A7CB-B584-46FC-A9C7-A41259E3C07F}"
EndProject
Global
	GlobalSection(SolutionConfigurationPlatforms) = preSolution
		Debug|Any CPU = Debug|Any CPU
		Release|Any CPU = Release|Any CPU
	EndGlobalSection
	GlobalSection(ProjectConfigurationPlatforms) = postSolution
		{4178A7CB-B584-46FC-A9C7-A41259E3C07F}.Debug|Any CPU.ActiveCfg = Debug|Any CPU
		{4178A7CB-B584-46FC-A9C7-A41259E3C07F}.Debug|Any CPU.Build.0 = Debug|Any CPU
		{4178A7CB-B584-46FC-A9C7-A41259E3C07F}.Release|Any CPU.ActiveCfg = Release|Any CPU
		{4178A7CB-B584-46FC-A9C7-A41259E3C07F}.Release|Any CPU.Build.0 = Release|Any CPU
	EndGlobalSection
	GlobalSection(SolutionProperties) = preSolution
		HideSolutionNode = FALSE
	EndGlobalSection
	GlobalSection(ExtensibilityGlobals) = postSolution
		SolutionGuid = {C177D272-7C5C-4905-BC21-4E8C36FDD618}
	EndGlobalSection
EndGlobal
